Microsoft Visual Studio Solution File, Format Version 12.00
# Visual Studio 2012
Project("{FAE04EC0-301F-11D3-BF4B-00C04F79EFBC}") = "low-age-prototype-godot", "low-age-prototype-godot.csproj", "{E7144659-67BE-4F9A-B70B-880C95AC2A4B}"
EndProject
Project("{FAE04EC0-301F-11D3-BF4B-00C04F79EFBC}") = "low-age-data", "data\low-age-data.csproj", "{98573C6D-6D35-42B9-9030-08AEB7B62FF7}"
EndProject
Project("{FAE04EC0-301F-11D3-BF4B-00C04F79EFBC}") = "low-age-tests", "tests\low-age-tests.csproj", "{FDAB9B75-4CF8-453B-AF19-D389BE56CAC3}"
EndProject
Global
	GlobalSection(SolutionConfigurationPlatforms) = preSolution
	Debug|Any CPU = Debug|Any CPU
	ExportDebug|Any CPU = ExportDebug|Any CPU
	ExportRelease|Any CPU = ExportRelease|Any CPU
	EndGlobalSection
	GlobalSection(ProjectConfigurationPlatforms) = postSolution
		{E7144659-67BE-4F9A-B70B-880C95AC2A4B}.Debug|Any CPU.ActiveCfg = Debug|Any CPU
		{E7144659-67BE-4F9A-B70B-880C95AC2A4B}.Debug|Any CPU.Build.0 = Debug|Any CPU
		{E7144659-67BE-4F9A-B70B-880C95AC2A4B}.ExportDebug|Any CPU.ActiveCfg = ExportDebug|Any CPU
		{E7144659-67BE-4F9A-B70B-880C95AC2A4B}.ExportDebug|Any CPU.Build.0 = ExportDebug|Any CPU
		{E7144659-67BE-4F9A-B70B-880C95AC2A4B}.ExportRelease|Any CPU.ActiveCfg = ExportRelease|Any CPU
		{E7144659-67BE-4F9A-B70B-880C95AC2A4B}.ExportRelease|Any CPU.Build.0 = ExportRelease|Any CPU
		{98573C6D-6D35-42B9-9030-08AEB7B62FF7}.Debug|Any CPU.ActiveCfg = Debug|Any CPU
		{98573C6D-6D35-42B9-9030-08AEB7B62FF7}.Debug|Any CPU.Build.0 = Debug|Any CPU
		{98573C6D-6D35-42B9-9030-08AEB7B62FF7}.ExportDebug|Any CPU.ActiveCfg = Debug|Any CPU
		{98573C6D-6D35-42B9-9030-08AEB7B62FF7}.ExportDebug|Any CPU.Build.0 = Debug|Any CPU
		{98573C6D-6D35-42B9-9030-08AEB7B62FF7}.ExportRelease|Any CPU.ActiveCfg = Debug|Any CPU
		{98573C6D-6D35-42B9-9030-08AEB7B62FF7}.ExportRelease|Any CPU.Build.0 = Debug|Any CPU
		{FDAB9B75-4CF8-453B-AF19-D389BE56CAC3}.Debug|Any CPU.ActiveCfg = Debug|Any CPU
		{FDAB9B75-4CF8-453B-AF19-D389BE56CAC3}.Debug|Any CPU.Build.0 = Debug|Any CPU
		{FDAB9B75-4CF8-453B-AF19-D389BE56CAC3}.ExportDebug|Any CPU.ActiveCfg = Debug|Any CPU
		{FDAB9B75-4CF8-453B-AF19-D389BE56CAC3}.ExportDebug|Any CPU.Build.0 = Debug|Any CPU
		{FDAB9B75-4CF8-453B-AF19-D389BE56CAC3}.ExportRelease|Any CPU.ActiveCfg = Debug|Any CPU
		{FDAB9B75-4CF8-453B-AF19-D389BE56CAC3}.ExportRelease|Any CPU.Build.0 = Debug|Any CPU
	EndGlobalSection
EndGlobal
