
Microsoft Visual Studio Solution File, Format Version 12.00
# Visual Studio Version 16
VisualStudioVersion = 16.0.30804.86
MinimumVisualStudioVersion = 10.0.40219.1
Project("{9A19103F-16F7-4668-BE54-9A1E7A4F7556}") = "low-age-data", "low-age-data.csproj", "{022EE8CC-76C8-4A36-9756-07623F3026B6}"
EndProject
Project("{2150E333-8FDC-42A3-9474-1A3956D46DE8}") = "Solution Items", "Solution Items", "{8E69BE82-5ED5-44B2-B1C0-80BA52B3967D}"
	ProjectSection(SolutionItems) = preProject
		.editorconfig = .editorconfig
	EndProjectSection
EndProject
Global
	GlobalSection(SolutionConfigurationPlatforms) = preSolution
		Debug|Any CPU = Debug|Any CPU
		Release|Any CPU = Release|Any CPU
	EndGlobalSection
	GlobalSection(ProjectConfigurationPlatforms) = postSolution
		{022EE8CC-76C8-4A36-9756-07623F3026B6}.Debug|Any CPU.ActiveCfg = Debug|Any CPU
		{022EE8CC-76C8-4A36-9756-07623F3026B6}.Debug|Any CPU.Build.0 = Debug|Any CPU
		{022EE8CC-76C8-4A36-9756-07623F3026B6}.Release|Any CPU.ActiveCfg = Release|Any CPU
		{022EE8CC-76C8-4A36-9756-07623F3026B6}.Release|Any CPU.Build.0 = Release|Any CPU
	EndGlobalSection
	GlobalSection(SolutionProperties) = preSolution
		HideSolutionNode = FALSE
	EndGlobalSection
	GlobalSection(ExtensibilityGlobals) = postSolution
		SolutionGuid = {423D08CA-4CC1-4B3E-A40D-98738551EACA}
	EndGlobalSection
EndGlobal
